
Microsoft Visual Studio Solution File, Format Version 12.00
# Visual Studio Version 17
VisualStudioVersion = 17.12.35506.116
MinimumVisualStudioVersion = 10.0.40219.1
Project("{FAE04EC0-301F-11D3-BF4B-00C04F79EFBC}") = "SeminarskaOPR", "SeminarskaOPR\SeminarskaOPR.csproj", "{51F282C5-C654-4FC6-968C-D59A0B9FC81E}"
EndProject
Project("{FAE04EC0-301F-11D3-BF4B-00C04F79EFBC}") = "MediaPlayer.Core", "MediaPlayer.Core\MediaPlayer.Core.csproj", "{3EB05D76-9A53-43E9-86D3-E49DA3DCEC89}"
EndProject
Project("{2150E333-8FDC-42A3-9474-1A3956D46DE8}") = "Solution Items", "Solution Items", "{8EC462FD-D22E-90A8-E5CE-7E832BA40C5D}"
	ProjectSection(SolutionItems) = preProject
		plan.txt = plan.txt
	EndProjectSection
EndProject
Global
	GlobalSection(SolutionConfigurationPlatforms) = preSolution
		Debug|Any CPU = Debug|Any CPU
		Release|Any CPU = Release|Any CPU
	EndGlobalSection
	GlobalSection(ProjectConfigurationPlatforms) = postSolution
		{51F282C5-C654-4FC6-968C-D59A0B9FC81E}.Debug|Any CPU.ActiveCfg = Debug|Any CPU
		{51F282C5-C654-4FC6-968C-D59A0B9FC81E}.Debug|Any CPU.Build.0 = Debug|Any CPU
		{51F282C5-C654-4FC6-968C-D59A0B9FC81E}.Release|Any CPU.ActiveCfg = Release|Any CPU
		{51F282C5-C654-4FC6-968C-D59A0B9FC81E}.Release|Any CPU.Build.0 = Release|Any CPU
		{3EB05D76-9A53-43E9-86D3-E49DA3DCEC89}.Debug|Any CPU.ActiveCfg = Debug|Any CPU
		{3EB05D76-9A53-43E9-86D3-E49DA3DCEC89}.Debug|Any CPU.Build.0 = Debug|Any CPU
		{3EB05D76-9A53-43E9-86D3-E49DA3DCEC89}.Release|Any CPU.ActiveCfg = Release|Any CPU
		{3EB05D76-9A53-43E9-86D3-E49DA3DCEC89}.Release|Any CPU.Build.0 = Release|Any CPU
	EndGlobalSection
	GlobalSection(SolutionProperties) = preSolution
		HideSolutionNode = FALSE
	EndGlobalSection
	GlobalSection(ExtensibilityGlobals) = postSolution
		SolutionGuid = {2556649D-22FC-4461-8CFD-2C4B309CFFE9}
	EndGlobalSection
EndGlobal
